// !$*UTF8*$!
{
	archiveVersion = 1;
	classes = {
	};
	objectVersion = 46;
	objects = {

/* Begin PBXBuildFile section */
		E7DE3B381C7347BD00DFD9F2 /* AppDelegate.swift in Sources */ = {isa = PBXBuildFile; fileRef = E7DE3B371C7347BD00DFD9F2 /* AppDelegate.swift */; };
		E7DE3B3A1C7347BD00DFD9F2 /* ViewController.swift in Sources */ = {isa = PBXBuildFile; fileRef = E7DE3B391C7347BD00DFD9F2 /* ViewController.swift */; };
		E7DE3B3D1C7347BD00DFD9F2 /* Main.storyboard in Resources */ = {isa = PBXBuildFile; fileRef = E7DE3B3B1C7347BD00DFD9F2 /* Main.storyboard */; };
		E7DE3B3F1C7347BD00DFD9F2 /* Assets.xcassets in Resources */ = {isa = PBXBuildFile; fileRef = E7DE3B3E1C7347BD00DFD9F2 /* Assets.xcassets */; };
		E7DE3B421C7347BD00DFD9F2 /* LaunchScreen.storyboard in Resources */ = {isa = PBXBuildFile; fileRef = E7DE3B401C7347BD00DFD9F2 /* LaunchScreen.storyboard */; };
		E7DE3B4D1C7347BD00DFD9F2 /* LoginAnimationTests.swift in Sources */ = {isa = PBXBuildFile; fileRef = E7DE3B4C1C7347BD00DFD9F2 /* LoginAnimationTests.swift */; };
		E7DE3B581C7347BD00DFD9F2 /* LoginAnimationUITests.swift in Sources */ = {isa = PBXBuildFile; fileRef = E7DE3B571C7347BD00DFD9F2 /* LoginAnimationUITests.swift */; };
		E7DE3B661C735D9A00DFD9F2 /* SplasViewController.swift in Sources */ = {isa = PBXBuildFile; fileRef = E7DE3B651C735D9A00DFD9F2 /* SplasViewController.swift */; };
/* End PBXBuildFile section */

/* Begin PBXContainerItemProxy section */
		E7DE3B491C7347BD00DFD9F2 /* PBXContainerItemProxy */ = {
			isa = PBXContainerItemProxy;
			containerPortal = E7DE3B2C1C7347BD00DFD9F2 /* Project object */;
			proxyType = 1;
			remoteGlobalIDString = E7DE3B331C7347BD00DFD9F2;
			remoteInfo = LoginAnimation;
		};
		E7DE3B541C7347BD00DFD9F2 /* PBXContainerItemProxy */ = {
			isa = PBXContainerItemProxy;
			containerPortal = E7DE3B2C1C7347BD00DFD9F2 /* Project object */;
			proxyType = 1;
			remoteGlobalIDString = E7DE3B331C7347BD00DFD9F2;
			remoteInfo = LoginAnimation;
		};
/* End PBXContainerItemProxy section */

/* Begin PBXFileReference section */
		E7DE3B341C7347BD00DFD9F2 /* LoginAnimation.app */ = {isa = PBXFileReference; explicitFileType = wrapper.application; includeInIndex = 0; path = LoginAnimation.app; sourceTree = BUILT_PRODUCTS_DIR; };
		E7DE3B371C7347BD00DFD9F2 /* AppDelegate.swift */ = {isa = PBXFileReference; lastKnownFileType = sourcecode.swift; path = AppDelegate.swift; sourceTree = "<group>"; };
		E7DE3B391C7347BD00DFD9F2 /* ViewController.swift */ = {isa = PBXFileReference; lastKnownFileType = sourcecode.swift; path = ViewController.swift; sourceTree = "<group>"; };
		E7DE3B3C1C7347BD00DFD9F2 /* Base */ = {isa = PBXFileReference; lastKnownFileType = file.storyboard; name = Base; path = Base.lproj/Main.storyboard; sourceTree = "<group>"; };
		E7DE3B3E1C7347BD00DFD9F2 /* Assets.xcassets */ = {isa = PBXFileReference; lastKnownFileType = folder.assetcatalog; path = Assets.xcassets; sourceTree = "<group>"; };
		E7DE3B411C7347BD00DFD9F2 /* Base */ = {isa = PBXFileReference; lastKnownFileType = file.storyboard; name = Base; path = Base.lproj/LaunchScreen.storyboard; sourceTree = "<group>"; };
		E7DE3B431C7347BD00DFD9F2 /* Info.plist */ = {isa = PBXFileReference; lastKnownFileType = text.plist.xml; path = Info.plist; sourceTree = "<group>"; };
		E7DE3B481C7347BD00DFD9F2 /* LoginAnimationTests.xctest */ = {isa = PBXFileReference; explicitFileType = wrapper.cfbundle; includeInIndex = 0; path = LoginAnimationTests.xctest; sourceTree = BUILT_PRODUCTS_DIR; };
		E7DE3B4C1C7347BD00DFD9F2 /* LoginAnimationTests.swift */ = {isa = PBXFileReference; lastKnownFileType = sourcecode.swift; path = LoginAnimationTests.swift; sourceTree = "<group>"; };
		E7DE3B4E1C7347BD00DFD9F2 /* Info.plist */ = {isa = PBXFileReference; lastKnownFileType = text.plist.xml; path = Info.plist; sourceTree = "<group>"; };
		E7DE3B531C7347BD00DFD9F2 /* LoginAnimationUITests.xctest */ = {isa = PBXFileReference; explicitFileType = wrapper.cfbundle; includeInIndex = 0; path = LoginAnimationUITests.xctest; sourceTree = BUILT_PRODUCTS_DIR; };
		E7DE3B571C7347BD00DFD9F2 /* LoginAnimationUITests.swift */ = {isa = PBXFileReference; lastKnownFileType = sourcecode.swift; path = LoginAnimationUITests.swift; sourceTree = "<group>"; };
		E7DE3B591C7347BD00DFD9F2 /* Info.plist */ = {isa = PBXFileReference; lastKnownFileType = text.plist.xml; path = Info.plist; sourceTree = "<group>"; };
		E7DE3B651C735D9A00DFD9F2 /* SplasViewController.swift */ = {isa = PBXFileReference; fileEncoding = 4; lastKnownFileType = sourcecode.swift; path = SplasViewController.swift; sourceTree = "<group>"; };
/* End PBXFileReference section */

/* Begin PBXFrameworksBuildPhase section */
		E7DE3B311C7347BD00DFD9F2 /* Frameworks */ = {
			isa = PBXFrameworksBuildPhase;
			buildActionMask = 2147483647;
			files = (
			);
			runOnlyForDeploymentPostprocessing = 0;
		};
		E7DE3B451C7347BD00DFD9F2 /* Frameworks */ = {
			isa = PBXFrameworksBuildPhase;
			buildActionMask = 2147483647;
			files = (
			);
			runOnlyForDeploymentPostprocessing = 0;
		};
		E7DE3B501C7347BD00DFD9F2 /* Frameworks */ = {
			isa = PBXFrameworksBuildPhase;
			buildActionMask = 2147483647;
			files = (
			);
			runOnlyForDeploymentPostprocessing = 0;
		};
/* End PBXFrameworksBuildPhase section */

/* Begin PBXGroup section */
		E7DE3B2B1C7347BD00DFD9F2 = {
			isa = PBXGroup;
			children = (
				E7DE3B361C7347BD00DFD9F2 /* LoginAnimation */,
				E7DE3B4B1C7347BD00DFD9F2 /* LoginAnimationTests */,
				E7DE3B561C7347BD00DFD9F2 /* LoginAnimationUITests */,
				E7DE3B351C7347BD00DFD9F2 /* Products */,
			);
			sourceTree = "<group>";
		};
		E7DE3B351C7347BD00DFD9F2 /* Products */ = {
			isa = PBXGroup;
			children = (
				E7DE3B341C7347BD00DFD9F2 /* LoginAnimation.app */,
				E7DE3B481C7347BD00DFD9F2 /* LoginAnimationTests.xctest */,
				E7DE3B531C7347BD00DFD9F2 /* LoginAnimationUITests.xctest */,
			);
			name = Products;
			sourceTree = "<group>";
		};
		E7DE3B361C7347BD00DFD9F2 /* LoginAnimation */ = {
			isa = PBXGroup;
			children = (
				E7DE3B371C7347BD00DFD9F2 /* AppDelegate.swift */,
				E7DE3B651C735D9A00DFD9F2 /* SplasViewController.swift */,
				E7DE3B391C7347BD00DFD9F2 /* ViewController.swift */,
				E7DE3B3B1C7347BD00DFD9F2 /* Main.storyboard */,
				E7DE3B3E1C7347BD00DFD9F2 /* Assets.xcassets */,
				E7DE3B401C7347BD00DFD9F2 /* LaunchScreen.storyboard */,
				E7DE3B431C7347BD00DFD9F2 /* Info.plist */,
			);
			path = LoginAnimation;
			sourceTree = "<group>";
		};
		E7DE3B4B1C7347BD00DFD9F2 /* LoginAnimationTests */ = {
			isa = PBXGroup;
			children = (
				E7DE3B4C1C7347BD00DFD9F2 /* LoginAnimationTests.swift */,
				E7DE3B4E1C7347BD00DFD9F2 /* Info.plist */,
			);
			path = LoginAnimationTests;
			sourceTree = "<group>";
		};
		E7DE3B561C7347BD00DFD9F2 /* LoginAnimationUITests */ = {
			isa = PBXGroup;
			children = (
				E7DE3B571C7347BD00DFD9F2 /* LoginAnimationUITests.swift */,
				E7DE3B591C7347BD00DFD9F2 /* Info.plist */,
			);
			path = LoginAnimationUITests;
			sourceTree = "<group>";
		};
/* End PBXGroup section */

/* Begin PBXNativeTarget section */
		E7DE3B331C7347BD00DFD9F2 /* LoginAnimation */ = {
			isa = PBXNativeTarget;
			buildConfigurationList = E7DE3B5C1C7347BD00DFD9F2 /* Build configuration list for PBXNativeTarget "LoginAnimation" */;
			buildPhases = (
				E7DE3B301C7347BD00DFD9F2 /* Sources */,
				E7DE3B311C7347BD00DFD9F2 /* Frameworks */,
				E7DE3B321C7347BD00DFD9F2 /* Resources */,
			);
			buildRules = (
			);
			dependencies = (
			);
			name = LoginAnimation;
			productName = LoginAnimation;
			productReference = E7DE3B341C7347BD00DFD9F2 /* LoginAnimation.app */;
			productType = "com.apple.product-type.application";
		};
		E7DE3B471C7347BD00DFD9F2 /* LoginAnimationTests */ = {
			isa = PBXNativeTarget;
			buildConfigurationList = E7DE3B5F1C7347BD00DFD9F2 /* Build configuration list for PBXNativeTarget "LoginAnimationTests" */;
			buildPhases = (
				E7DE3B441C7347BD00DFD9F2 /* Sources */,
				E7DE3B451C7347BD00DFD9F2 /* Frameworks */,
				E7DE3B461C7347BD00DFD9F2 /* Resources */,
			);
			buildRules = (
			);
			dependencies = (
				E7DE3B4A1C7347BD00DFD9F2 /* PBXTargetDependency */,
			);
			name = LoginAnimationTests;
			productName = LoginAnimationTests;
			productReference = E7DE3B481C7347BD00DFD9F2 /* LoginAnimationTests.xctest */;
			productType = "com.apple.product-type.bundle.unit-test";
		};
		E7DE3B521C7347BD00DFD9F2 /* LoginAnimationUITests */ = {
			isa = PBXNativeTarget;
			buildConfigurationList = E7DE3B621C7347BD00DFD9F2 /* Build configuration list for PBXNativeTarget "LoginAnimationUITests" */;
			buildPhases = (
				E7DE3B4F1C7347BD00DFD9F2 /* Sources */,
				E7DE3B501C7347BD00DFD9F2 /* Frameworks */,
				E7DE3B511C7347BD00DFD9F2 /* Resources */,
			);
			buildRules = (
			);
			dependencies = (
				E7DE3B551C7347BD00DFD9F2 /* PBXTargetDependency */,
			);
			name = LoginAnimationUITests;
			productName = LoginAnimationUITests;
			productReference = E7DE3B531C7347BD00DFD9F2 /* LoginAnimationUITests.xctest */;
			productType = "com.apple.product-type.bundle.ui-testing";
		};
/* End PBXNativeTarget section */

/* Begin PBXProject section */
		E7DE3B2C1C7347BD00DFD9F2 /* Project object */ = {
			isa = PBXProject;
			attributes = {
				LastSwiftUpdateCheck = 0720;
				LastUpgradeCheck = 0720;
				ORGANIZATIONNAME = "Tongji Apple Club";
				TargetAttributes = {
					E7DE3B331C7347BD00DFD9F2 = {
						CreatedOnToolsVersion = 7.2.1;
						DevelopmentTeam = 62D9VYM54C;
					};
					E7DE3B471C7347BD00DFD9F2 = {
						CreatedOnToolsVersion = 7.2.1;
						DevelopmentTeam = 62D9VYM54C;
						TestTargetID = E7DE3B331C7347BD00DFD9F2;
					};
					E7DE3B521C7347BD00DFD9F2 = {
						CreatedOnToolsVersion = 7.2.1;
						DevelopmentTeam = 62D9VYM54C;
						TestTargetID = E7DE3B331C7347BD00DFD9F2;
					};
				};
			};
			buildConfigurationList = E7DE3B2F1C7347BD00DFD9F2 /* Build configuration list for PBXProject "LoginAnimation" */;
			compatibilityVersion = "Xcode 3.2";
			developmentRegion = English;
			hasScannedForEncodings = 0;
			knownRegions = (
				en,
				Base,
			);
			mainGroup = E7DE3B2B1C7347BD00DFD9F2;
			productRefGroup = E7DE3B351C7347BD00DFD9F2 /* Products */;
			projectDirPath = "";
			projectRoot = "";
			targets = (
				E7DE3B331C7347BD00DFD9F2 /* LoginAnimation */,
				E7DE3B471C7347BD00DFD9F2 /* LoginAnimationTests */,
				E7DE3B521C7347BD00DFD9F2 /* LoginAnimationUITests */,
			);
		};
/* End PBXProject section */

/* Begin PBXResourcesBuildPhase section */
		E7DE3B321C7347BD00DFD9F2 /* Resources */ = {
			isa = PBXResourcesBuildPhase;
			buildActionMask = 2147483647;
			files = (
				E7DE3B421C7347BD00DFD9F2 /* LaunchScreen.storyboard in Resources */,
				E7DE3B3F1C7347BD00DFD9F2 /* Assets.xcassets in Resources */,
				E7DE3B3D1C7347BD00DFD9F2 /* Main.storyboard in Resources */,
			);
			runOnlyForDeploymentPostprocessing = 0;
		};
		E7DE3B461C7347BD00DFD9F2 /* Resources */ = {
			isa = PBXResourcesBuildPhase;
			buildActionMask = 2147483647;
			files = (
			);
			runOnlyForDeploymentPostprocessing = 0;
		};
		E7DE3B511C7347BD00DFD9F2 /* Resources */ = {
			isa = PBXResourcesBuildPhase;
			buildActionMask = 2147483647;
			files = (
			);
			runOnlyForDeploymentPostprocessing = 0;
		};
/* End PBXResourcesBuildPhase section */

/* Begin PBXSourcesBuildPhase section */
		E7DE3B301C7347BD00DFD9F2 /* Sources */ = {
			isa = PBXSourcesBuildPhase;
			buildActionMask = 2147483647;
			files = (
				E7DE3B3A1C7347BD00DFD9F2 /* ViewController.swift in Sources */,
				E7DE3B381C7347BD00DFD9F2 /* AppDelegate.swift in Sources */,
				E7DE3B661C735D9A00DFD9F2 /* SplasViewController.swift in Sources */,
			);
			runOnlyForDeploymentPostprocessing = 0;
		};
		E7DE3B441C7347BD00DFD9F2 /* Sources */ = {
			isa = PBXSourcesBuildPhase;
			buildActionMask = 2147483647;
			files = (
				E7DE3B4D1C7347BD00DFD9F2 /* LoginAnimationTests.swift in Sources */,
			);
			runOnlyForDeploymentPostprocessing = 0;
		};
		E7DE3B4F1C7347BD00DFD9F2 /* Sources */ = {
			isa = PBXSourcesBuildPhase;
			buildActionMask = 2147483647;
			files = (
				E7DE3B581C7347BD00DFD9F2 /* LoginAnimationUITests.swift in Sources */,
			);
			runOnlyForDeploymentPostprocessing = 0;
		};
/* End PBXSourcesBuildPhase section */

/* Begin PBXTargetDependency section */
		E7DE3B4A1C7347BD00DFD9F2 /* PBXTargetDependency */ = {
			isa = PBXTargetDependency;
			target = E7DE3B331C7347BD00DFD9F2 /* LoginAnimation */;
			targetProxy = E7DE3B491C7347BD00DFD9F2 /* PBXContainerItemProxy */;
		};
		E7DE3B551C7347BD00DFD9F2 /* PBXTargetDependency */ = {
			isa = PBXTargetDependency;
			target = E7DE3B331C7347BD00DFD9F2 /* LoginAnimation */;
			targetProxy = E7DE3B541C7347BD00DFD9F2 /* PBXContainerItemProxy */;
		};
/* End PBXTargetDependency section */

/* Begin PBXVariantGroup section */
		E7DE3B3B1C7347BD00DFD9F2 /* Main.storyboard */ = {
			isa = PBXVariantGroup;
			children = (
				E7DE3B3C1C7347BD00DFD9F2 /* Base */,
			);
			name = Main.storyboard;
			sourceTree = "<group>";
		};
		E7DE3B401C7347BD00DFD9F2 /* LaunchScreen.storyboard */ = {
			isa = PBXVariantGroup;
			children = (
				E7DE3B411C7347BD00DFD9F2 /* Base */,
			);
			name = LaunchScreen.storyboard;
			sourceTree = "<group>";
		};
/* End PBXVariantGroup section */

/* Begin XCBuildConfiguration section */
		E7DE3B5A1C7347BD00DFD9F2 /* Debug */ = {
			isa = XCBuildConfiguration;
			buildSettings = {
				ALWAYS_SEARCH_USER_PATHS = NO;
				CLANG_CXX_LANGUAGE_STANDARD = "gnu++0x";
				CLANG_CXX_LIBRARY = "libc++";
				CLANG_ENABLE_MODULES = YES;
				CLANG_ENABLE_OBJC_ARC = YES;
				CLANG_WARN_BOOL_CONVERSION = YES;
				CLANG_WARN_CONSTANT_CONVERSION = YES;
				CLANG_WARN_DIRECT_OBJC_ISA_USAGE = YES_ERROR;
				CLANG_WARN_EMPTY_BODY = YES;
				CLANG_WARN_ENUM_CONVERSION = YES;
				CLANG_WARN_INT_CONVERSION = YES;
				CLANG_WARN_OBJC_ROOT_CLASS = YES_ERROR;
				CLANG_WARN_UNREACHABLE_CODE = YES;
				CLANG_WARN__DUPLICATE_METHOD_MATCH = YES;
				"CODE_SIGN_IDENTITY[sdk=iphoneos*]" = "iPhone Developer";
				COPY_PHASE_STRIP = NO;
				DEBUG_INFORMATION_FORMAT = dwarf;
				ENABLE_STRICT_OBJC_MSGSEND = YES;
				ENABLE_TESTABILITY = YES;
				GCC_C_LANGUAGE_STANDARD = gnu99;
				GCC_DYNAMIC_NO_PIC = NO;
				GCC_NO_COMMON_BLOCKS = YES;
				GCC_OPTIMIZATION_LEVEL = 0;
				GCC_PREPROCESSOR_DEFINITIONS = (
					"DEBUG=1",
					"$(inherited)",
				);
				GCC_WARN_64_TO_32_BIT_CONVERSION = YES;
				GCC_WARN_ABOUT_RETURN_TYPE = YES_ERROR;
				GCC_WARN_UNDECLARED_SELECTOR = YES;
				GCC_WARN_UNINITIALIZED_AUTOS = YES_AGGRESSIVE;
				GCC_WARN_UNUSED_FUNCTION = YES;
				GCC_WARN_UNUSED_VARIABLE = YES;
				IPHONEOS_DEPLOYMENT_TARGET = 9.2;
				MTL_ENABLE_DEBUG_INFO = YES;
				ONLY_ACTIVE_ARCH = YES;
				SDKROOT = iphoneos;
				SWIFT_OPTIMIZATION_LEVEL = "-Onone";
				TARGETED_DEVICE_FAMILY = "1,2";
			};
			name = Debug;
		};
		E7DE3B5B1C7347BD00DFD9F2 /* Release */ = {
			isa = XCBuildConfiguration;
			buildSettings = {
				ALWAYS_SEARCH_USER_PATHS = NO;
				CLANG_CXX_LANGUAGE_STANDARD = "gnu++0x";
				CLANG_CXX_LIBRARY = "libc++";
				CLANG_ENABLE_MODULES = YES;
				CLANG_ENABLE_OBJC_ARC = YES;
				CLANG_WARN_BOOL_CONVERSION = YES;
				CLANG_WARN_CONSTANT_CONVERSION = YES;
				CLANG_WARN_DIRECT_OBJC_ISA_USAGE = YES_ERROR;
				CLANG_WARN_EMPTY_BODY = YES;
				CLANG_WARN_ENUM_CONVERSION = YES;
				CLANG_WARN_INT_CONVERSION = YES;
				CLANG_WARN_OBJC_ROOT_CLASS = YES_ERROR;
				CLANG_WARN_UNREACHABLE_CODE = YES;
				CLANG_WARN__DUPLICATE_METHOD_MATCH = YES;
				"CODE_SIGN_IDENTITY[sdk=iphoneos*]" = "iPhone Developer";
				COPY_PHASE_STRIP = NO;
				DEBUG_INFORMATION_FORMAT = "dwarf-with-dsym";
				ENABLE_NS_ASSERTIONS = NO;
				ENABLE_STRICT_OBJC_MSGSEND = YES;
				GCC_C_LANGUAGE_STANDARD = gnu99;
				GCC_NO_COMMON_BLOCKS = YES;
				GCC_WARN_64_TO_32_BIT_CONVERSION = YES;
				GCC_WARN_ABOUT_RETURN_TYPE = YES_ERROR;
				GCC_WARN_UNDECLARED_SELECTOR = YES;
				GCC_WARN_UNINITIALIZED_AUTOS = YES_AGGRESSIVE;
				GCC_WARN_UNUSED_FUNCTION = YES;
				GCC_WARN_UNUSED_VARIABLE = YES;
				IPHONEOS_DEPLOYMENT_TARGET = 9.2;
				MTL_ENABLE_DEBUG_INFO = NO;
				SDKROOT = iphoneos;
				TARGETED_DEVICE_FAMILY = "1,2";
				VALIDATE_PRODUCT = YES;
			};
			name = Release;
		};
		E7DE3B5D1C7347BD00DFD9F2 /* Debug */ = {
			isa = XCBuildConfiguration;
			buildSettings = {
				ASSETCATALOG_COMPILER_APPICON_NAME = AppIcon;
				CODE_SIGN_IDENTITY = "iPhone Developer";
				INFOPLIST_FILE = LoginAnimation/Info.plist;
				LD_RUNPATH_SEARCH_PATHS = "$(inherited) @executable_path/Frameworks";
				PRODUCT_BUNDLE_IDENTIFIER = com.HaroldLiu.LoginAnimation;
				PRODUCT_NAME = "$(TARGET_NAME)";
			};
			name = Debug;
		};
		E7DE3B5E1C7347BD00DFD9F2 /* Release */ = {
			isa = XCBuildConfiguration;
			buildSettings = {
				ASSETCATALOG_COMPILER_APPICON_NAME = AppIcon;
				CODE_SIGN_IDENTITY = "iPhone Developer";
				INFOPLIST_FILE = LoginAnimation/Info.plist;
				LD_RUNPATH_SEARCH_PATHS = "$(inherited) @executable_path/Frameworks";
				PRODUCT_BUNDLE_IDENTIFIER = com.HaroldLiu.LoginAnimation;
				PRODUCT_NAME = "$(TARGET_NAME)";
			};
			name = Release;
		};
		E7DE3B601C7347BD00DFD9F2 /* Debug */ = {
			isa = XCBuildConfiguration;
			buildSettings = {
				BUNDLE_LOADER = "$(TEST_HOST)";
				INFOPLIST_FILE = LoginAnimationTests/Info.plist;
				LD_RUNPATH_SEARCH_PATHS = "$(inherited) @executable_path/Frameworks @loader_path/Frameworks";
				PRODUCT_BUNDLE_IDENTIFIER = com.HaroldLiu.LoginAnimationTests;
				PRODUCT_NAME = "$(TARGET_NAME)";
				TEST_HOST = "$(BUILT_PRODUCTS_DIR)/LoginAnimation.app/LoginAnimation";
			};
			name = Debug;
		};
		E7DE3B611C7347BD00DFD9F2 /* Release */ = {
			isa = XCBuildConfiguration;
			buildSettings = {
				BUNDLE_LOADER = "$(TEST_HOST)";
				INFOPLIST_FILE = LoginAnimationTests/Info.plist;
				LD_RUNPATH_SEARCH_PATHS = "$(inherited) @executable_path/Frameworks @loader_path/Frameworks";
				PRODUCT_BUNDLE_IDENTIFIER = com.HaroldLiu.LoginAnimationTests;
				PRODUCT_NAME = "$(TARGET_NAME)";
				TEST_HOST = "$(BUILT_PRODUCTS_DIR)/LoginAnimation.app/LoginAnimation";
			};
			name = Release;
		};
		E7DE3B631C7347BD00DFD9F2 /* Debug */ = {
			isa = XCBuildConfiguration;
			buildSettings = {
				INFOPLIST_FILE = LoginAnimationUITests/Info.plist;
				LD_RUNPATH_SEARCH_PATHS = "$(inherited) @executable_path/Frameworks @loader_path/Frameworks";
				PRODUCT_BUNDLE_IDENTIFIER = com.HaroldLiu.LoginAnimationUITests;
				PRODUCT_NAME = "$(TARGET_NAME)";
				TEST_TARGET_NAME = LoginAnimation;
				USES_XCTRUNNER = YES;
			};
			name = Debug;
		};
		E7DE3B641C7347BD00DFD9F2 /* Release */ = {
			isa = XCBuildConfiguration;
			buildSettings = {
				INFOPLIST_FILE = LoginAnimationUITests/Info.plist;
				LD_RUNPATH_SEARCH_PATHS = "$(inherited) @executable_path/Frameworks @loader_path/Frameworks";
				PRODUCT_BUNDLE_IDENTIFIER = com.HaroldLiu.LoginAnimationUITests;
				PRODUCT_NAME = "$(TARGET_NAME)";
				TEST_TARGET_NAME = LoginAnimation;
				USES_XCTRUNNER = YES;
			};
			name = Release;
		};
/* End XCBuildConfiguration section */

/* Begin XCConfigurationList section */
		E7DE3B2F1C7347BD00DFD9F2 /* Build configuration list for PBXProject "LoginAnimation" */ = {
			isa = XCConfigurationList;
			buildConfigurations = (
				E7DE3B5A1C7347BD00DFD9F2 /* Debug */,
				E7DE3B5B1C7347BD00DFD9F2 /* Release */,
			);
			defaultConfigurationIsVisible = 0;
			defaultConfigurationName = Release;
		};
		E7DE3B5C1C7347BD00DFD9F2 /* Build configuration list for PBXNativeTarget "LoginAnimation" */ = {
			isa = XCConfigurationList;
			buildConfigurations = (
				E7DE3B5D1C7347BD00DFD9F2 /* Debug */,
				E7DE3B5E1C7347BD00DFD9F2 /* Release */,
			);
			defaultConfigurationIsVisible = 0;
		};
		E7DE3B5F1C7347BD00DFD9F2 /* Build configuration list for PBXNativeTarget "LoginAnimationTests" */ = {
			isa = XCConfigurationList;
			buildConfigurations = (
				E7DE3B601C7347BD00DFD9F2 /* Debug */,
				E7DE3B611C7347BD00DFD9F2 /* Release */,
			);
			defaultConfigurationIsVisible = 0;
		};
		E7DE3B621C7347BD00DFD9F2 /* Build configuration list for PBXNativeTarget "LoginAnimationUITests" */ = {
			isa = XCConfigurationList;
			buildConfigurations = (
				E7DE3B631C7347BD00DFD9F2 /* Debug */,
				E7DE3B641C7347BD00DFD9F2 /* Release */,
			);
			defaultConfigurationIsVisible = 0;
		};
/* End XCConfigurationList section */
	};
	rootObject = E7DE3B2C1C7347BD00DFD9F2 /* Project object */;
}
